
Microsoft Visual Studio Solution File, Format Version 12.00
# Visual Studio Version 16
VisualStudioVersion = 16.0.31613.86
MinimumVisualStudioVersion = 10.0.40219.1
Project("{FAE04EC0-301F-11D3-BF4B-00C04F79EFBC}") = "TicTacTao", "TicTacTao\TicTacTao.csproj", "{760E828E-BA98-4A90-BF47-1A48EB67110A}"
EndProject
Global
	GlobalSection(SolutionConfigurationPlatforms) = preSolution
		Debug|Any CPU = Debug|Any CPU
		Release|Any CPU = Release|Any CPU
	EndGlobalSection
	GlobalSection(ProjectConfigurationPlatforms) = postSolution
		{760E828E-BA98-4A90-BF47-1A48EB67110A}.Debug|Any CPU.ActiveCfg = Debug|Any CPU
		{760E828E-BA98-4A90-BF47-1A48EB67110A}.Debug|Any CPU.Build.0 = Debug|Any CPU
		{760E828E-BA98-4A90-BF47-1A48EB67110A}.Release|Any CPU.ActiveCfg = Release|Any CPU
		{760E828E-BA98-4A90-BF47-1A48EB67110A}.Release|Any CPU.Build.0 = Release|Any CPU
	EndGlobalSection
	GlobalSection(SolutionProperties) = preSolution
		HideSolutionNode = FALSE
	EndGlobalSection
	GlobalSection(ExtensibilityGlobals) = postSolution
		SolutionGuid = {87AEEAD8-185B-4767-A5CB-89BD4AA23772}
	EndGlobalSection
EndGlobal
